
Microsoft Visual Studio Solution File, Format Version 12.00
# Visual Studio Version 17
VisualStudioVersion = 17.11.35312.102
MinimumVisualStudioVersion = 10.0.40219.1
Project("{FAE04EC0-301F-11D3-BF4B-00C04F79EFBC}") = "TaxCalc", "TaxCalc\TaxCalc.csproj", "{9623190B-E868-4E7E-95BE-740504650C3B}"
EndProject
Project("{FAE04EC0-301F-11D3-BF4B-00C04F79EFBC}") = "TaxCalc.Tests", "TaxCalc.Tests\TaxCalc.Tests.csproj", "{07DD19AD-4670-4C34-B5B8-0AB9533280F5}"
EndProject
Global
	GlobalSection(SolutionConfigurationPlatforms) = preSolution
		Debug|Any CPU = Debug|Any CPU
		Release|Any CPU = Release|Any CPU
	EndGlobalSection
	GlobalSection(ProjectConfigurationPlatforms) = postSolution
		{9623190B-E868-4E7E-95BE-740504650C3B}.Debug|Any CPU.ActiveCfg = Debug|Any CPU
		{9623190B-E868-4E7E-95BE-740504650C3B}.Debug|Any CPU.Build.0 = Debug|Any CPU
		{9623190B-E868-4E7E-95BE-740504650C3B}.Release|Any CPU.ActiveCfg = Release|Any CPU
		{9623190B-E868-4E7E-95BE-740504650C3B}.Release|Any CPU.Build.0 = Release|Any CPU
		{07DD19AD-4670-4C34-B5B8-0AB9533280F5}.Debug|Any CPU.ActiveCfg = Debug|Any CPU
		{07DD19AD-4670-4C34-B5B8-0AB9533280F5}.Debug|Any CPU.Build.0 = Debug|Any CPU
		{07DD19AD-4670-4C34-B5B8-0AB9533280F5}.Release|Any CPU.ActiveCfg = Release|Any CPU
		{07DD19AD-4670-4C34-B5B8-0AB9533280F5}.Release|Any CPU.Build.0 = Release|Any CPU
	EndGlobalSection
	GlobalSection(SolutionProperties) = preSolution
		HideSolutionNode = FALSE
	EndGlobalSection
	GlobalSection(ExtensibilityGlobals) = postSolution
		SolutionGuid = {55D7C94C-3620-484A-9F20-7B0EECDAEEF8}
	EndGlobalSection
EndGlobal
